// !$*UTF8*$!
{
	archiveVersion = 1;
	classes = {
	};
	objectVersion = 77;
	objects = {

/* Begin PBXContainerItemProxy section */
		EAA7E9E72DB0C88400C5570A /* PBXContainerItemProxy */ = {
			isa = PBXContainerItemProxy;
			containerPortal = EAA7E9CE2DB0C88200C5570A /* Project object */;
			proxyType = 1;
			remoteGlobalIDString = EAA7E9D52DB0C88200C5570A;
			remoteInfo = SimpleSwiftDraw;
		};
		EAA7E9F12DB0C88400C5570A /* PBXContainerItemProxy */ = {
			isa = PBXContainerItemProxy;
			containerPortal = EAA7E9CE2DB0C88200C5570A /* Project object */;
			proxyType = 1;
			remoteGlobalIDString = EAA7E9D52DB0C88200C5570A;
			remoteInfo = SimpleSwiftDraw;
		};
/* End PBXContainerItemProxy section */

/* Begin PBXFileReference section */
		EAA7E9D62DB0C88200C5570A /* SimpleSwiftDraw.app */ = {isa = PBXFileReference; explicitFileType = wrapper.application; includeInIndex = 0; path = SimpleSwiftDraw.app; sourceTree = BUILT_PRODUCTS_DIR; };
		EAA7E9E62DB0C88400C5570A /* SimpleSwiftDrawTests.xctest */ = {isa = PBXFileReference; explicitFileType = wrapper.cfbundle; includeInIndex = 0; path = SimpleSwiftDrawTests.xctest; sourceTree = BUILT_PRODUCTS_DIR; };
		EAA7E9F02DB0C88400C5570A /* SimpleSwiftDrawUITests.xctest */ = {isa = PBXFileReference; explicitFileType = wrapper.cfbundle; includeInIndex = 0; path = SimpleSwiftDrawUITests.xctest; sourceTree = BUILT_PRODUCTS_DIR; };
/* End PBXFileReference section */

/* Begin PBXFileSystemSynchronizedRootGroup section */
		EAA7E9D82DB0C88200C5570A /* SimpleSwiftDraw */ = {
			isa = PBXFileSystemSynchronizedRootGroup;
			path = SimpleSwiftDraw;
			sourceTree = "<group>";
		};
		EAA7E9E92DB0C88400C5570A /* SimpleSwiftDrawTests */ = {
			isa = PBXFileSystemSynchronizedRootGroup;
			path = SimpleSwiftDrawTests;
			sourceTree = "<group>";
		};
		EAA7E9F32DB0C88400C5570A /* SimpleSwiftDrawUITests */ = {
			isa = PBXFileSystemSynchronizedRootGroup;
			path = SimpleSwiftDrawUITests;
			sourceTree = "<group>";
		};
/* End PBXFileSystemSynchronizedRootGroup section */

/* Begin PBXFrameworksBuildPhase section */
		EAA7E9D32DB0C88200C5570A /* Frameworks */ = {
			isa = PBXFrameworksBuildPhase;
			buildActionMask = 2147483647;
			files = (
			);
			runOnlyForDeploymentPostprocessing = 0;
		};
		EAA7E9E32DB0C88400C5570A /* Frameworks */ = {
			isa = PBXFrameworksBuildPhase;
			buildActionMask = 2147483647;
			files = (
			);
			runOnlyForDeploymentPostprocessing = 0;
		};
		EAA7E9ED2DB0C88400C5570A /* Frameworks */ = {
			isa = PBXFrameworksBuildPhase;
			buildActionMask = 2147483647;
			files = (
			);
			runOnlyForDeploymentPostprocessing = 0;
		};
/* End PBXFrameworksBuildPhase section */

/* Begin PBXGroup section */
		EAA7E9CD2DB0C88200C5570A = {
			isa = PBXGroup;
			children = (
				EAA7E9D82DB0C88200C5570A /* SimpleSwiftDraw */,
				EAA7E9E92DB0C88400C5570A /* SimpleSwiftDrawTests */,
				EAA7E9F32DB0C88400C5570A /* SimpleSwiftDrawUITests */,
				EAA7E9D72DB0C88200C5570A /* Products */,
			);
			sourceTree = "<group>";
		};
		EAA7E9D72DB0C88200C5570A /* Products */ = {
			isa = PBXGroup;
			children = (
				EAA7E9D62DB0C88200C5570A /* SimpleSwiftDraw.app */,
				EAA7E9E62DB0C88400C5570A /* SimpleSwiftDrawTests.xctest */,
				EAA7E9F02DB0C88400C5570A /* SimpleSwiftDrawUITests.xctest */,
			);
			name = Products;
			sourceTree = "<group>";
		};
/* End PBXGroup section */

/* Begin PBXNativeTarget section */
		EAA7E9D52DB0C88200C5570A /* SimpleSwiftDraw */ = {
			isa = PBXNativeTarget;
			buildConfigurationList = EAA7E9FA2DB0C88400C5570A /* Build configuration list for PBXNativeTarget "SimpleSwiftDraw" */;
			buildPhases = (
				EAA7E9D22DB0C88200C5570A /* Sources */,
				EAA7E9D32DB0C88200C5570A /* Frameworks */,
				EAA7E9D42DB0C88200C5570A /* Resources */,
			);
			buildRules = (
			);
			dependencies = (
			);
			fileSystemSynchronizedGroups = (
				EAA7E9D82DB0C88200C5570A /* SimpleSwiftDraw */,
			);
			name = SimpleSwiftDraw;
			packageProductDependencies = (
			);
			productName = SimpleSwiftDraw;
			productReference = EAA7E9D62DB0C88200C5570A /* SimpleSwiftDraw.app */;
			productType = "com.apple.product-type.application";
		};
		EAA7E9E52DB0C88400C5570A /* SimpleSwiftDrawTests */ = {
			isa = PBXNativeTarget;
			buildConfigurationList = EAA7E9FD2DB0C88400C5570A /* Build configuration list for PBXNativeTarget "SimpleSwiftDrawTests" */;
			buildPhases = (
				EAA7E9E22DB0C88400C5570A /* Sources */,
				EAA7E9E32DB0C88400C5570A /* Frameworks */,
				EAA7E9E42DB0C88400C5570A /* Resources */,
			);
			buildRules = (
			);
			dependencies = (
				EAA7E9E82DB0C88400C5570A /* PBXTargetDependency */,
			);
			fileSystemSynchronizedGroups = (
				EAA7E9E92DB0C88400C5570A /* SimpleSwiftDrawTests */,
			);
			name = SimpleSwiftDrawTests;
			packageProductDependencies = (
			);
			productName = SimpleSwiftDrawTests;
			productReference = EAA7E9E62DB0C88400C5570A /* SimpleSwiftDrawTests.xctest */;
			productType = "com.apple.product-type.bundle.unit-test";
		};
		EAA7E9EF2DB0C88400C5570A /* SimpleSwiftDrawUITests */ = {
			isa = PBXNativeTarget;
			buildConfigurationList = EAA7EA002DB0C88400C5570A /* Build configuration list for PBXNativeTarget "SimpleSwiftDrawUITests" */;
			buildPhases = (
				EAA7E9EC2DB0C88400C5570A /* Sources */,
				EAA7E9ED2DB0C88400C5570A /* Frameworks */,
				EAA7E9EE2DB0C88400C5570A /* Resources */,
			);
			buildRules = (
			);
			dependencies = (
				EAA7E9F22DB0C88400C5570A /* PBXTargetDependency */,
			);
			fileSystemSynchronizedGroups = (
				EAA7E9F32DB0C88400C5570A /* SimpleSwiftDrawUITests */,
			);
			name = SimpleSwiftDrawUITests;
			packageProductDependencies = (
			);
			productName = SimpleSwiftDrawUITests;
			productReference = EAA7E9F02DB0C88400C5570A /* SimpleSwiftDrawUITests.xctest */;
			productType = "com.apple.product-type.bundle.ui-testing";
		};
/* End PBXNativeTarget section */

/* Begin PBXProject section */
		EAA7E9CE2DB0C88200C5570A /* Project object */ = {
			isa = PBXProject;
			attributes = {
				BuildIndependentTargetsInParallel = 1;
				LastSwiftUpdateCheck = 1620;
				LastUpgradeCheck = 1620;
				TargetAttributes = {
					EAA7E9D52DB0C88200C5570A = {
						CreatedOnToolsVersion = 16.2;
					};
					EAA7E9E52DB0C88400C5570A = {
						CreatedOnToolsVersion = 16.2;
						TestTargetID = EAA7E9D52DB0C88200C5570A;
					};
					EAA7E9EF2DB0C88400C5570A = {
						CreatedOnToolsVersion = 16.2;
						TestTargetID = EAA7E9D52DB0C88200C5570A;
					};
				};
			};
			buildConfigurationList = EAA7E9D12DB0C88200C5570A /* Build configuration list for PBXProject "SimpleSwiftDraw" */;
			developmentRegion = en;
			hasScannedForEncodings = 0;
			knownRegions = (
				en,
				Base,
			);
			mainGroup = EAA7E9CD2DB0C88200C5570A;
			minimizedProjectReferenceProxies = 1;
			preferredProjectObjectVersion = 77;
			productRefGroup = EAA7E9D72DB0C88200C5570A /* Products */;
			projectDirPath = "";
			projectRoot = "";
			targets = (
				EAA7E9D52DB0C88200C5570A /* SimpleSwiftDraw */,
				EAA7E9E52DB0C88400C5570A /* SimpleSwiftDrawTests */,
				EAA7E9EF2DB0C88400C5570A /* SimpleSwiftDrawUITests */,
			);
		};
/* End PBXProject section */

/* Begin PBXResourcesBuildPhase section */
		EAA7E9D42DB0C88200C5570A /* Resources */ = {
			isa = PBXResourcesBuildPhase;
			buildActionMask = 2147483647;
			files = (
			);
			runOnlyForDeploymentPostprocessing = 0;
		};
		EAA7E9E42DB0C88400C5570A /* Resources */ = {
			isa = PBXResourcesBuildPhase;
			buildActionMask = 2147483647;
			files = (
			);
			runOnlyForDeploymentPostprocessing = 0;
		};
		EAA7E9EE2DB0C88400C5570A /* Resources */ = {
			isa = PBXResourcesBuildPhase;
			buildActionMask = 2147483647;
			files = (
			);
			runOnlyForDeploymentPostprocessing = 0;
		};
/* End PBXResourcesBuildPhase section */

/* Begin PBXSourcesBuildPhase section */
		EAA7E9D22DB0C88200C5570A /* Sources */ = {
			isa = PBXSourcesBuildPhase;
			buildActionMask = 2147483647;
			files = (
			);
			runOnlyForDeploymentPostprocessing = 0;
		};
		EAA7E9E22DB0C88400C5570A /* Sources */ = {
			isa = PBXSourcesBuildPhase;
			buildActionMask = 2147483647;
			files = (
			);
			runOnlyForDeploymentPostprocessing = 0;
		};
		EAA7E9EC2DB0C88400C5570A /* Sources */ = {
			isa = PBXSourcesBuildPhase;
			buildActionMask = 2147483647;
			files = (
			);
			runOnlyForDeploymentPostprocessing = 0;
		};
/* End PBXSourcesBuildPhase section */

/* Begin PBXTargetDependency section */
		EAA7E9E82DB0C88400C5570A /* PBXTargetDependency */ = {
			isa = PBXTargetDependency;
			target = EAA7E9D52DB0C88200C5570A /* SimpleSwiftDraw */;
			targetProxy = EAA7E9E72DB0C88400C5570A /* PBXContainerItemProxy */;
		};
		EAA7E9F22DB0C88400C5570A /* PBXTargetDependency */ = {
			isa = PBXTargetDependency;
			target = EAA7E9D52DB0C88200C5570A /* SimpleSwiftDraw */;
			targetProxy = EAA7E9F12DB0C88400C5570A /* PBXContainerItemProxy */;
		};
/* End PBXTargetDependency section */

/* Begin XCBuildConfiguration section */
		EAA7E9F82DB0C88400C5570A /* Debug */ = {
			isa = XCBuildConfiguration;
			buildSettings = {
				ALWAYS_SEARCH_USER_PATHS = NO;
				ASSETCATALOG_COMPILER_GENERATE_SWIFT_ASSET_SYMBOL_EXTENSIONS = YES;
				CLANG_ANALYZER_NONNULL = YES;
				CLANG_ANALYZER_NUMBER_OBJECT_CONVERSION = YES_AGGRESSIVE;
				CLANG_CXX_LANGUAGE_STANDARD = "gnu++20";
				CLANG_ENABLE_MODULES = YES;
				CLANG_ENABLE_OBJC_ARC = YES;
				CLANG_ENABLE_OBJC_WEAK = YES;
				CLANG_WARN_BLOCK_CAPTURE_AUTORELEASING = YES;
				CLANG_WARN_BOOL_CONVERSION = YES;
				CLANG_WARN_COMMA = YES;
				CLANG_WARN_CONSTANT_CONVERSION = YES;
				CLANG_WARN_DEPRECATED_OBJC_IMPLEMENTATIONS = YES;
				CLANG_WARN_DIRECT_OBJC_ISA_USAGE = YES_ERROR;
				CLANG_WARN_DOCUMENTATION_COMMENTS = YES;
				CLANG_WARN_EMPTY_BODY = YES;
				CLANG_WARN_ENUM_CONVERSION = YES;
				CLANG_WARN_INFINITE_RECURSION = YES;
				CLANG_WARN_INT_CONVERSION = YES;
				CLANG_WARN_NON_LITERAL_NULL_CONVERSION = YES;
				CLANG_WARN_OBJC_IMPLICIT_RETAIN_SELF = YES;
				CLANG_WARN_OBJC_LITERAL_CONVERSION = YES;
				CLANG_WARN_OBJC_ROOT_CLASS = YES_ERROR;
				CLANG_WARN_QUOTED_INCLUDE_IN_FRAMEWORK_HEADER = YES;
				CLANG_WARN_RANGE_LOOP_ANALYSIS = YES;
				CLANG_WARN_STRICT_PROTOTYPES = YES;
				CLANG_WARN_SUSPICIOUS_MOVE = YES;
				CLANG_WARN_UNGUARDED_AVAILABILITY = YES_AGGRESSIVE;
				CLANG_WARN_UNREACHABLE_CODE = YES;
				CLANG_WARN__DUPLICATE_METHOD_MATCH = YES;
				COPY_PHASE_STRIP = NO;
				DEBUG_INFORMATION_FORMAT = dwarf;
				ENABLE_STRICT_OBJC_MSGSEND = YES;
				ENABLE_TESTABILITY = YES;
				ENABLE_USER_SCRIPT_SANDBOXING = YES;
				GCC_C_LANGUAGE_STANDARD = gnu17;
				GCC_DYNAMIC_NO_PIC = NO;
				GCC_NO_COMMON_BLOCKS = YES;
				GCC_OPTIMIZATION_LEVEL = 0;
				GCC_PREPROCESSOR_DEFINITIONS = (
					"DEBUG=1",
					"$(inherited)",
				);
				GCC_WARN_64_TO_32_BIT_CONVERSION = YES;
				GCC_WARN_ABOUT_RETURN_TYPE = YES_ERROR;
				GCC_WARN_UNDECLARED_SELECTOR = YES;
				GCC_WARN_UNINITIALIZED_AUTOS = YES_AGGRESSIVE;
				GCC_WARN_UNUSED_FUNCTION = YES;
				GCC_WARN_UNUSED_VARIABLE = YES;
				IPHONEOS_DEPLOYMENT_TARGET = 18.2;
				LOCALIZATION_PREFERS_STRING_CATALOGS = YES;
				MTL_ENABLE_DEBUG_INFO = INCLUDE_SOURCE;
				MTL_FAST_MATH = YES;
				ONLY_ACTIVE_ARCH = YES;
				SDKROOT = iphoneos;
				SWIFT_ACTIVE_COMPILATION_CONDITIONS = "DEBUG $(inherited)";
				SWIFT_COMPILATION_MODE = singlefile;
				SWIFT_OPTIMIZATION_LEVEL = "-Onone";
			};
			name = Debug;
		};
		EAA7E9F92DB0C88400C5570A /* Release */ = {
			isa = XCBuildConfiguration;
			buildSettings = {
				ALWAYS_SEARCH_USER_PATHS = NO;
				ASSETCATALOG_COMPILER_GENERATE_SWIFT_ASSET_SYMBOL_EXTENSIONS = YES;
				CLANG_ANALYZER_NONNULL = YES;
				CLANG_ANALYZER_NUMBER_OBJECT_CONVERSION = YES_AGGRESSIVE;
				CLANG_CXX_LANGUAGE_STANDARD = "gnu++20";
				CLANG_ENABLE_MODULES = YES;
				CLANG_ENABLE_OBJC_ARC = YES;
				CLANG_ENABLE_OBJC_WEAK = YES;
				CLANG_WARN_BLOCK_CAPTURE_AUTORELEASING = YES;
				CLANG_WARN_BOOL_CONVERSION = YES;
				CLANG_WARN_COMMA = YES;
				CLANG_WARN_CONSTANT_CONVERSION = YES;
				CLANG_WARN_DEPRECATED_OBJC_IMPLEMENTATIONS = YES;
				CLANG_WARN_DIRECT_OBJC_ISA_USAGE = YES_ERROR;
				CLANG_WARN_DOCUMENTATION_COMMENTS = YES;
				CLANG_WARN_EMPTY_BODY = YES;
				CLANG_WARN_ENUM_CONVERSION = YES;
				CLANG_WARN_INFINITE_RECURSION = YES;
				CLANG_WARN_INT_CONVERSION = YES;
				CLANG_WARN_NON_LITERAL_NULL_CONVERSION = YES;
				CLANG_WARN_OBJC_IMPLICIT_RETAIN_SELF = YES;
				CLANG_WARN_OBJC_LITERAL_CONVERSION = YES;
				CLANG_WARN_OBJC_ROOT_CLASS = YES_ERROR;
				CLANG_WARN_QUOTED_INCLUDE_IN_FRAMEWORK_HEADER = YES;
				CLANG_WARN_RANGE_LOOP_ANALYSIS = YES;
				CLANG_WARN_STRICT_PROTOTYPES = YES;
				CLANG_WARN_SUSPICIOUS_MOVE = YES;
				CLANG_WARN_UNGUARDED_AVAILABILITY = YES_AGGRESSIVE;
				CLANG_WARN_UNREACHABLE_CODE = YES;
				CLANG_WARN__DUPLICATE_METHOD_MATCH = YES;
				COPY_PHASE_STRIP = NO;
				DEBUG_INFORMATION_FORMAT = "dwarf-with-dsym";
				ENABLE_NS_ASSERTIONS = NO;
				ENABLE_STRICT_OBJC_MSGSEND = YES;
				ENABLE_USER_SCRIPT_SANDBOXING = YES;
				GCC_C_LANGUAGE_STANDARD = gnu17;
				GCC_NO_COMMON_BLOCKS = YES;
				GCC_WARN_64_TO_32_BIT_CONVERSION = YES;
				GCC_WARN_ABOUT_RETURN_TYPE = YES_ERROR;
				GCC_WARN_UNDECLARED_SELECTOR = YES;
				GCC_WARN_UNINITIALIZED_AUTOS = YES_AGGRESSIVE;
				GCC_WARN_UNUSED_FUNCTION = YES;
				GCC_WARN_UNUSED_VARIABLE = YES;
				IPHONEOS_DEPLOYMENT_TARGET = 18.2;
				LOCALIZATION_PREFERS_STRING_CATALOGS = YES;
				MTL_ENABLE_DEBUG_INFO = NO;
				MTL_FAST_MATH = YES;
				SDKROOT = iphoneos;
				SWIFT_COMPILATION_MODE = singlefile;
				VALIDATE_PRODUCT = YES;
			};
			name = Release;
		};
		EAA7E9FB2DB0C88400C5570A /* Debug */ = {
			isa = XCBuildConfiguration;
			buildSettings = {
				ASSETCATALOG_COMPILER_APPICON_NAME = AppIcon;
				ASSETCATALOG_COMPILER_GLOBAL_ACCENT_COLOR_NAME = AccentColor;
				CODE_SIGN_STYLE = Automatic;
				CURRENT_PROJECT_VERSION = 1;
				DEVELOPMENT_ASSET_PATHS = "\"SimpleSwiftDraw/Preview Content\"";
				DEVELOPMENT_TEAM = 4SLZP47HP4;
				ENABLE_PREVIEWS = YES;
				GENERATE_INFOPLIST_FILE = YES;
				INFOPLIST_KEY_UIApplicationSceneManifest_Generation = YES;
				INFOPLIST_KEY_UIApplicationSupportsIndirectInputEvents = YES;
				INFOPLIST_KEY_UILaunchScreen_Generation = YES;
				INFOPLIST_KEY_UISupportedInterfaceOrientations_iPad = "UIInterfaceOrientationPortrait UIInterfaceOrientationPortraitUpsideDown UIInterfaceOrientationLandscapeLeft UIInterfaceOrientationLandscapeRight";
				INFOPLIST_KEY_UISupportedInterfaceOrientations_iPhone = "UIInterfaceOrientationPortrait UIInterfaceOrientationLandscapeLeft UIInterfaceOrientationLandscapeRight";
				LD_RUNPATH_SEARCH_PATHS = (
					"$(inherited)",
					"@executable_path/Frameworks",
				);
				MARKETING_VERSION = 1.0;
				PRODUCT_BUNDLE_IDENTIFIER = demo.SimpleSwiftDraw;
				PRODUCT_NAME = "$(TARGET_NAME)";
				SWIFT_EMIT_LOC_STRINGS = YES;
				SWIFT_VERSION = 5.0;
				TARGETED_DEVICE_FAMILY = "1,2";
			};
			name = Debug;
		};
		EAA7E9FC2DB0C88400C5570A /* Release */ = {
			isa = XCBuildConfiguration;
			buildSettings = {
				ASSETCATALOG_COMPILER_APPICON_NAME = AppIcon;
				ASSETCATALOG_COMPILER_GLOBAL_ACCENT_COLOR_NAME = AccentColor;
				CODE_SIGN_STYLE = Automatic;
				CURRENT_PROJECT_VERSION = 1;
				DEVELOPMENT_ASSET_PATHS = "\"SimpleSwiftDraw/Preview Content\"";
				DEVELOPMENT_TEAM = 4SLZP47HP4;
				ENABLE_PREVIEWS = YES;
				GENERATE_INFOPLIST_FILE = YES;
				INFOPLIST_KEY_UIApplicationSceneManifest_Generation = YES;
				INFOPLIST_KEY_UIApplicationSupportsIndirectInputEvents = YES;
				INFOPLIST_KEY_UILaunchScreen_Generation = YES;
				INFOPLIST_KEY_UISupportedInterfaceOrientations_iPad = "UIInterfaceOrientationPortrait UIInterfaceOrientationPortraitUpsideDown UIInterfaceOrientationLandscapeLeft UIInterfaceOrientationLandscapeRight";
				INFOPLIST_KEY_UISupportedInterfaceOrientations_iPhone = "UIInterfaceOrientationPortrait UIInterfaceOrientationLandscapeLeft UIInterfaceOrientationLandscapeRight";
				LD_RUNPATH_SEARCH_PATHS = (
					"$(inherited)",
					"@executable_path/Frameworks",
				);
				MARKETING_VERSION = 1.0;
				PRODUCT_BUNDLE_IDENTIFIER = demo.SimpleSwiftDraw;
				PRODUCT_NAME = "$(TARGET_NAME)";
				SWIFT_EMIT_LOC_STRINGS = YES;
				SWIFT_VERSION = 5.0;
				TARGETED_DEVICE_FAMILY = "1,2";
			};
			name = Release;
		};
		EAA7E9FE2DB0C88400C5570A /* Debug */ = {
			isa = XCBuildConfiguration;
			buildSettings = {
				BUNDLE_LOADER = "$(TEST_HOST)";
				CODE_SIGN_STYLE = Automatic;
				CURRENT_PROJECT_VERSION = 1;
				DEVELOPMENT_TEAM = 4SLZP47HP4;
				GENERATE_INFOPLIST_FILE = YES;
				IPHONEOS_DEPLOYMENT_TARGET = 18.2;
				MARKETING_VERSION = 1.0;
				PRODUCT_BUNDLE_IDENTIFIER = demo.SimpleSwiftDrawTests;
				PRODUCT_NAME = "$(TARGET_NAME)";
				SWIFT_EMIT_LOC_STRINGS = NO;
				SWIFT_VERSION = 5.0;
				TARGETED_DEVICE_FAMILY = "1,2";
				TEST_HOST = "$(BUILT_PRODUCTS_DIR)/SimpleSwiftDraw.app/$(BUNDLE_EXECUTABLE_FOLDER_PATH)/SimpleSwiftDraw";
			};
			name = Debug;
		};
		EAA7E9FF2DB0C88400C5570A /* Release */ = {
			isa = XCBuildConfiguration;
			buildSettings = {
				BUNDLE_LOADER = "$(TEST_HOST)";
				CODE_SIGN_STYLE = Automatic;
				CURRENT_PROJECT_VERSION = 1;
				DEVELOPMENT_TEAM = 4SLZP47HP4;
				GENERATE_INFOPLIST_FILE = YES;
				IPHONEOS_DEPLOYMENT_TARGET = 18.2;
				MARKETING_VERSION = 1.0;
				PRODUCT_BUNDLE_IDENTIFIER = demo.SimpleSwiftDrawTests;
				PRODUCT_NAME = "$(TARGET_NAME)";
				SWIFT_EMIT_LOC_STRINGS = NO;
				SWIFT_VERSION = 5.0;
				TARGETED_DEVICE_FAMILY = "1,2";
				TEST_HOST = "$(BUILT_PRODUCTS_DIR)/SimpleSwiftDraw.app/$(BUNDLE_EXECUTABLE_FOLDER_PATH)/SimpleSwiftDraw";
			};
			name = Release;
		};
		EAA7EA012DB0C88400C5570A /* Debug */ = {
			isa = XCBuildConfiguration;
			buildSettings = {
				CODE_SIGN_STYLE = Automatic;
				CURRENT_PROJECT_VERSION = 1;
				DEVELOPMENT_TEAM = 4SLZP47HP4;
				GENERATE_INFOPLIST_FILE = YES;
				MARKETING_VERSION = 1.0;
				PRODUCT_BUNDLE_IDENTIFIER = demo.SimpleSwiftDrawUITests;
				PRODUCT_NAME = "$(TARGET_NAME)";
				SWIFT_EMIT_LOC_STRINGS = NO;
				SWIFT_VERSION = 5.0;
				TARGETED_DEVICE_FAMILY = "1,2";
				TEST_TARGET_NAME = SimpleSwiftDraw;
			};
			name = Debug;
		};
		EAA7EA022DB0C88400C5570A /* Release */ = {
			isa = XCBuildConfiguration;
			buildSettings = {
				CODE_SIGN_STYLE = Automatic;
				CURRENT_PROJECT_VERSION = 1;
				DEVELOPMENT_TEAM = 4SLZP47HP4;
				GENERATE_INFOPLIST_FILE = YES;
				MARKETING_VERSION = 1.0;
				PRODUCT_BUNDLE_IDENTIFIER = demo.SimpleSwiftDrawUITests;
				PRODUCT_NAME = "$(TARGET_NAME)";
				SWIFT_EMIT_LOC_STRINGS = NO;
				SWIFT_VERSION = 5.0;
				TARGETED_DEVICE_FAMILY = "1,2";
				TEST_TARGET_NAME = SimpleSwiftDraw;
			};
			name = Release;
		};
/* End XCBuildConfiguration section */

/* Begin XCConfigurationList section */
		EAA7E9D12DB0C88200C5570A /* Build configuration list for PBXProject "SimpleSwiftDraw" */ = {
			isa = XCConfigurationList;
			buildConfigurations = (
				EAA7E9F82DB0C88400C5570A /* Debug */,
				EAA7E9F92DB0C88400C5570A /* Release */,
			);
			defaultConfigurationIsVisible = 0;
			defaultConfigurationName = Release;
		};
		EAA7E9FA2DB0C88400C5570A /* Build configuration list for PBXNativeTarget "SimpleSwiftDraw" */ = {
			isa = XCConfigurationList;
			buildConfigurations = (
				EAA7E9FB2DB0C88400C5570A /* Debug */,
				EAA7E9FC2DB0C88400C5570A /* Release */,
			);
			defaultConfigurationIsVisible = 0;
			defaultConfigurationName = Release;
		};
		EAA7E9FD2DB0C88400C5570A /* Build configuration list for PBXNativeTarget "SimpleSwiftDrawTests" */ = {
			isa = XCConfigurationList;
			buildConfigurations = (
				EAA7E9FE2DB0C88400C5570A /* Debug */,
				EAA7E9FF2DB0C88400C5570A /* Release */,
			);
			defaultConfigurationIsVisible = 0;
			defaultConfigurationName = Release;
		};
		EAA7EA002DB0C88400C5570A /* Build configuration list for PBXNativeTarget "SimpleSwiftDrawUITests" */ = {
			isa = XCConfigurationList;
			buildConfigurations = (
				EAA7EA012DB0C88400C5570A /* Debug */,
				EAA7EA022DB0C88400C5570A /* Release */,
			);
			defaultConfigurationIsVisible = 0;
			defaultConfigurationName = Release;
		};
/* End XCConfigurationList section */
	};
	rootObject = EAA7E9CE2DB0C88200C5570A /* Project object */;
}
